// !$*UTF8*$!
{
	archiveVersion = 1;
	classes = {
	};
	objectVersion = 50;
	objects = {

/* Begin PBXBuildFile section */
		F60B2A4C2428B40500AC0037 /* DropDownView.swift in Sources */ = {isa = PBXBuildFile; fileRef = F60B2A4B2428B40500AC0037 /* DropDownView.swift */; };
		F61714FE2413AB35008266A1 /* AppDelegate.swift in Sources */ = {isa = PBXBuildFile; fileRef = F61714FD2413AB35008266A1 /* AppDelegate.swift */; };
		F61715002413AB35008266A1 /* SceneDelegate.swift in Sources */ = {isa = PBXBuildFile; fileRef = F61714FF2413AB35008266A1 /* SceneDelegate.swift */; };
		F61715052413AB35008266A1 /* Main.storyboard in Resources */ = {isa = PBXBuildFile; fileRef = F61715032413AB35008266A1 /* Main.storyboard */; };
		F61715072413AB38008266A1 /* Assets.xcassets in Resources */ = {isa = PBXBuildFile; fileRef = F61715062413AB38008266A1 /* Assets.xcassets */; };
		F617150A2413AB38008266A1 /* LaunchScreen.storyboard in Resources */ = {isa = PBXBuildFile; fileRef = F61715082413AB38008266A1 /* LaunchScreen.storyboard */; };
		F61715122413AE56008266A1 /* MainInterviewViewController.swift in Sources */ = {isa = PBXBuildFile; fileRef = F61715112413AE56008266A1 /* MainInterviewViewController.swift */; };
		F61715142413B080008266A1 /* MainInterviewTableCell.xib in Resources */ = {isa = PBXBuildFile; fileRef = F61715132413B080008266A1 /* MainInterviewTableCell.xib */; };
		F6B32641241A216D001668FA /* DetailExplainViewController.swift in Sources */ = {isa = PBXBuildFile; fileRef = F6B32640241A216D001668FA /* DetailExplainViewController.swift */; };
		F6C5351A241D112E00820A97 /* MainInterviewTableCell.swift in Sources */ = {isa = PBXBuildFile; fileRef = F6C53519241D112E00820A97 /* MainInterviewTableCell.swift */; };
		F6C5351D241D124A00820A97 /* WebkitViewController.swift in Sources */ = {isa = PBXBuildFile; fileRef = F6C5351C241D124A00820A97 /* WebkitViewController.swift */; };
		F6C5354324263B8400820A97 /* DropDownButton.swift in Sources */ = {isa = PBXBuildFile; fileRef = F6C5354224263B8400820A97 /* DropDownButton.swift */; };
/* End PBXBuildFile section */

/* Begin PBXFileReference section */
		F60B2A4B2428B40500AC0037 /* DropDownView.swift */ = {isa = PBXFileReference; lastKnownFileType = sourcecode.swift; path = DropDownView.swift; sourceTree = "<group>"; };
		F61714FA2413AB35008266A1 /* PublicMyInterviewTest.app */ = {isa = PBXFileReference; explicitFileType = wrapper.application; includeInIndex = 0; path = PublicMyInterviewTest.app; sourceTree = BUILT_PRODUCTS_DIR; };
		F61714FD2413AB35008266A1 /* AppDelegate.swift */ = {isa = PBXFileReference; lastKnownFileType = sourcecode.swift; path = AppDelegate.swift; sourceTree = "<group>"; };
		F61714FF2413AB35008266A1 /* SceneDelegate.swift */ = {isa = PBXFileReference; lastKnownFileType = sourcecode.swift; path = SceneDelegate.swift; sourceTree = "<group>"; };
		F61715042413AB35008266A1 /* Base */ = {isa = PBXFileReference; lastKnownFileType = file.storyboard; name = Base; path = Base.lproj/Main.storyboard; sourceTree = "<group>"; };
		F61715062413AB38008266A1 /* Assets.xcassets */ = {isa = PBXFileReference; lastKnownFileType = folder.assetcatalog; path = Assets.xcassets; sourceTree = "<group>"; };
		F61715092413AB38008266A1 /* Base */ = {isa = PBXFileReference; lastKnownFileType = file.storyboard; name = Base; path = Base.lproj/LaunchScreen.storyboard; sourceTree = "<group>"; };
		F617150B2413AB38008266A1 /* Info.plist */ = {isa = PBXFileReference; lastKnownFileType = text.plist.xml; path = Info.plist; sourceTree = "<group>"; };
		F61715112413AE56008266A1 /* MainInterviewViewController.swift */ = {isa = PBXFileReference; lastKnownFileType = sourcecode.swift; name = MainInterviewViewController.swift; path = ../MainInterviewViewController.swift; sourceTree = "<group>"; };
		F61715132413B080008266A1 /* MainInterviewTableCell.xib */ = {isa = PBXFileReference; lastKnownFileType = file.xib; path = MainInterviewTableCell.xib; sourceTree = "<group>"; };
		F6B32640241A216D001668FA /* DetailExplainViewController.swift */ = {isa = PBXFileReference; lastKnownFileType = sourcecode.swift; path = DetailExplainViewController.swift; sourceTree = "<group>"; };
		F6C53519241D112E00820A97 /* MainInterviewTableCell.swift */ = {isa = PBXFileReference; lastKnownFileType = sourcecode.swift; path = MainInterviewTableCell.swift; sourceTree = "<group>"; };
		F6C5351C241D124A00820A97 /* WebkitViewController.swift */ = {isa = PBXFileReference; lastKnownFileType = sourcecode.swift; path = WebkitViewController.swift; sourceTree = "<group>"; };
		F6C5354224263B8400820A97 /* DropDownButton.swift */ = {isa = PBXFileReference; lastKnownFileType = sourcecode.swift; path = DropDownButton.swift; sourceTree = "<group>"; };
/* End PBXFileReference section */

/* Begin PBXFrameworksBuildPhase section */
		F61714F72413AB35008266A1 /* Frameworks */ = {
			isa = PBXFrameworksBuildPhase;
			buildActionMask = 2147483647;
			files = (
			);
			runOnlyForDeploymentPostprocessing = 0;
		};
/* End PBXFrameworksBuildPhase section */

/* Begin PBXGroup section */
		1B0BF9C6FDBA935D76D56456 /* Pods */ = {
			isa = PBXGroup;
			children = (
			);
			path = Pods;
			sourceTree = "<group>";
		};
		F60B2A4A2428B3EF00AC0037 /* CustomUI */ = {
			isa = PBXGroup;
			children = (
				F6C5354224263B8400820A97 /* DropDownButton.swift */,
				F60B2A4B2428B40500AC0037 /* DropDownView.swift */,
			);
			path = CustomUI;
			sourceTree = "<group>";
		};
		F61714F12413AB35008266A1 = {
			isa = PBXGroup;
			children = (
				F61714FC2413AB35008266A1 /* PublicMyInterviewTest */,
				F61714FB2413AB35008266A1 /* Products */,
				1B0BF9C6FDBA935D76D56456 /* Pods */,
			);
			sourceTree = "<group>";
		};
		F61714FB2413AB35008266A1 /* Products */ = {
			isa = PBXGroup;
			children = (
				F61714FA2413AB35008266A1 /* PublicMyInterviewTest.app */,
			);
			name = Products;
			sourceTree = "<group>";
		};
		F61714FC2413AB35008266A1 /* PublicMyInterviewTest */ = {
			isa = PBXGroup;
			children = (
				F61714FD2413AB35008266A1 /* AppDelegate.swift */,
				F61714FF2413AB35008266A1 /* SceneDelegate.swift */,
				F60B2A4A2428B3EF00AC0037 /* CustomUI */,
				F6C5351B241D122E00820A97 /* ViewControllers */,
				F6C53518241D110A00820A97 /* Cells */,
				F6C53517241D10FE00820A97 /* NibFile */,
				F61715032413AB35008266A1 /* Main.storyboard */,
				F61715062413AB38008266A1 /* Assets.xcassets */,
				F61715082413AB38008266A1 /* LaunchScreen.storyboard */,
				F617150B2413AB38008266A1 /* Info.plist */,
			);
			path = PublicMyInterviewTest;
			sourceTree = "<group>";
		};
		F6C53517241D10FE00820A97 /* NibFile */ = {
			isa = PBXGroup;
			children = (
				F61715132413B080008266A1 /* MainInterviewTableCell.xib */,
			);
			path = NibFile;
			sourceTree = "<group>";
		};
		F6C53518241D110A00820A97 /* Cells */ = {
			isa = PBXGroup;
			children = (
				F6C53519241D112E00820A97 /* MainInterviewTableCell.swift */,
			);
			path = Cells;
			sourceTree = "<group>";
		};
		F6C5351B241D122E00820A97 /* ViewControllers */ = {
			isa = PBXGroup;
			children = (
				F61715112413AE56008266A1 /* MainInterviewViewController.swift */,
				F6B32640241A216D001668FA /* DetailExplainViewController.swift */,
				F6C5351C241D124A00820A97 /* WebkitViewController.swift */,
			);
			path = ViewControllers;
			sourceTree = "<group>";
		};
/* End PBXGroup section */

/* Begin PBXNativeTarget section */
		F61714F92413AB35008266A1 /* PublicMyInterviewTest */ = {
			isa = PBXNativeTarget;
			buildConfigurationList = F617150E2413AB38008266A1 /* Build configuration list for PBXNativeTarget "PublicMyInterviewTest" */;
			buildPhases = (
				F61714F62413AB35008266A1 /* Sources */,
				F61714F72413AB35008266A1 /* Frameworks */,
				F61714F82413AB35008266A1 /* Resources */,
			);
			buildRules = (
			);
			dependencies = (
			);
			name = PublicMyInterviewTest;
			productName = PublicMyInterviewTest;
			productReference = F61714FA2413AB35008266A1 /* PublicMyInterviewTest.app */;
			productType = "com.apple.product-type.application";
		};
/* End PBXNativeTarget section */

/* Begin PBXProject section */
		F61714F22413AB35008266A1 /* Project object */ = {
			isa = PBXProject;
			attributes = {
				LastSwiftUpdateCheck = 1130;
				LastUpgradeCheck = 1130;
				ORGANIZATIONNAME = "ByungHoon Ann";
				TargetAttributes = {
					F61714F92413AB35008266A1 = {
						CreatedOnToolsVersion = 11.3;
					};
				};
			};
			buildConfigurationList = F61714F52413AB35008266A1 /* Build configuration list for PBXProject "PublicMyInterviewTest" */;
			compatibilityVersion = "Xcode 9.3";
			developmentRegion = en;
			hasScannedForEncodings = 0;
			knownRegions = (
				en,
				Base,
			);
			mainGroup = F61714F12413AB35008266A1;
			productRefGroup = F61714FB2413AB35008266A1 /* Products */;
			projectDirPath = "";
			projectRoot = "";
			targets = (
				F61714F92413AB35008266A1 /* PublicMyInterviewTest */,
			);
		};
/* End PBXProject section */

/* Begin PBXResourcesBuildPhase section */
		F61714F82413AB35008266A1 /* Resources */ = {
			isa = PBXResourcesBuildPhase;
			buildActionMask = 2147483647;
			files = (
				F617150A2413AB38008266A1 /* LaunchScreen.storyboard in Resources */,
				F61715142413B080008266A1 /* MainInterviewTableCell.xib in Resources */,
				F61715072413AB38008266A1 /* Assets.xcassets in Resources */,
				F61715052413AB35008266A1 /* Main.storyboard in Resources */,
			);
			runOnlyForDeploymentPostprocessing = 0;
		};
/* End PBXResourcesBuildPhase section */

/* Begin PBXSourcesBuildPhase section */
		F61714F62413AB35008266A1 /* Sources */ = {
			isa = PBXSourcesBuildPhase;
			buildActionMask = 2147483647;
			files = (
				F61714FE2413AB35008266A1 /* AppDelegate.swift in Sources */,
				F6C5354324263B8400820A97 /* DropDownButton.swift in Sources */,
				F6C5351A241D112E00820A97 /* MainInterviewTableCell.swift in Sources */,
				F6C5351D241D124A00820A97 /* WebkitViewController.swift in Sources */,
				F6B32641241A216D001668FA /* DetailExplainViewController.swift in Sources */,
				F60B2A4C2428B40500AC0037 /* DropDownView.swift in Sources */,
				F61715122413AE56008266A1 /* MainInterviewViewController.swift in Sources */,
				F61715002413AB35008266A1 /* SceneDelegate.swift in Sources */,
			);
			runOnlyForDeploymentPostprocessing = 0;
		};
/* End PBXSourcesBuildPhase section */

/* Begin PBXVariantGroup section */
		F61715032413AB35008266A1 /* Main.storyboard */ = {
			isa = PBXVariantGroup;
			children = (
				F61715042413AB35008266A1 /* Base */,
			);
			name = Main.storyboard;
			sourceTree = "<group>";
		};
		F61715082413AB38008266A1 /* LaunchScreen.storyboard */ = {
			isa = PBXVariantGroup;
			children = (
				F61715092413AB38008266A1 /* Base */,
			);
			name = LaunchScreen.storyboard;
			sourceTree = "<group>";
		};
/* End PBXVariantGroup section */

/* Begin XCBuildConfiguration section */
		F617150C2413AB38008266A1 /* Debug */ = {
			isa = XCBuildConfiguration;
			buildSettings = {
				ALWAYS_SEARCH_USER_PATHS = NO;
				CLANG_ANALYZER_NONNULL = YES;
				CLANG_ANALYZER_NUMBER_OBJECT_CONVERSION = YES_AGGRESSIVE;
				CLANG_CXX_LANGUAGE_STANDARD = "gnu++14";
				CLANG_CXX_LIBRARY = "libc++";
				CLANG_ENABLE_MODULES = YES;
				CLANG_ENABLE_OBJC_ARC = YES;
				CLANG_ENABLE_OBJC_WEAK = YES;
				CLANG_WARN_BLOCK_CAPTURE_AUTORELEASING = YES;
				CLANG_WARN_BOOL_CONVERSION = YES;
				CLANG_WARN_COMMA = YES;
				CLANG_WARN_CONSTANT_CONVERSION = YES;
				CLANG_WARN_DEPRECATED_OBJC_IMPLEMENTATIONS = YES;
				CLANG_WARN_DIRECT_OBJC_ISA_USAGE = YES_ERROR;
				CLANG_WARN_DOCUMENTATION_COMMENTS = YES;
				CLANG_WARN_EMPTY_BODY = YES;
				CLANG_WARN_ENUM_CONVERSION = YES;
				CLANG_WARN_INFINITE_RECURSION = YES;
				CLANG_WARN_INT_CONVERSION = YES;
				CLANG_WARN_NON_LITERAL_NULL_CONVERSION = YES;
				CLANG_WARN_OBJC_IMPLICIT_RETAIN_SELF = YES;
				CLANG_WARN_OBJC_LITERAL_CONVERSION = YES;
				CLANG_WARN_OBJC_ROOT_CLASS = YES_ERROR;
				CLANG_WARN_RANGE_LOOP_ANALYSIS = YES;
				CLANG_WARN_STRICT_PROTOTYPES = YES;
				CLANG_WARN_SUSPICIOUS_MOVE = YES;
				CLANG_WARN_UNGUARDED_AVAILABILITY = YES_AGGRESSIVE;
				CLANG_WARN_UNREACHABLE_CODE = YES;
				CLANG_WARN__DUPLICATE_METHOD_MATCH = YES;
				COPY_PHASE_STRIP = NO;
				DEBUG_INFORMATION_FORMAT = dwarf;
				ENABLE_STRICT_OBJC_MSGSEND = YES;
				ENABLE_TESTABILITY = YES;
				GCC_C_LANGUAGE_STANDARD = gnu11;
				GCC_DYNAMIC_NO_PIC = NO;
				GCC_NO_COMMON_BLOCKS = YES;
				GCC_OPTIMIZATION_LEVEL = 0;
				GCC_PREPROCESSOR_DEFINITIONS = (
					"DEBUG=1",
					"$(inherited)",
				);
				GCC_WARN_64_TO_32_BIT_CONVERSION = YES;
				GCC_WARN_ABOUT_RETURN_TYPE = YES_ERROR;
				GCC_WARN_UNDECLARED_SELECTOR = YES;
				GCC_WARN_UNINITIALIZED_AUTOS = YES_AGGRESSIVE;
				GCC_WARN_UNUSED_FUNCTION = YES;
				GCC_WARN_UNUSED_VARIABLE = YES;
				IPHONEOS_DEPLOYMENT_TARGET = 13.2;
				MTL_ENABLE_DEBUG_INFO = INCLUDE_SOURCE;
				MTL_FAST_MATH = YES;
				ONLY_ACTIVE_ARCH = YES;
				SDKROOT = iphoneos;
				SWIFT_ACTIVE_COMPILATION_CONDITIONS = DEBUG;
				SWIFT_OPTIMIZATION_LEVEL = "-Onone";
			};
			name = Debug;
		};
		F617150D2413AB38008266A1 /* Release */ = {
			isa = XCBuildConfiguration;
			buildSettings = {
				ALWAYS_SEARCH_USER_PATHS = NO;
				CLANG_ANALYZER_NONNULL = YES;
				CLANG_ANALYZER_NUMBER_OBJECT_CONVERSION = YES_AGGRESSIVE;
				CLANG_CXX_LANGUAGE_STANDARD = "gnu++14";
				CLANG_CXX_LIBRARY = "libc++";
				CLANG_ENABLE_MODULES = YES;
				CLANG_ENABLE_OBJC_ARC = YES;
				CLANG_ENABLE_OBJC_WEAK = YES;
				CLANG_WARN_BLOCK_CAPTURE_AUTORELEASING = YES;
				CLANG_WARN_BOOL_CONVERSION = YES;
				CLANG_WARN_COMMA = YES;
				CLANG_WARN_CONSTANT_CONVERSION = YES;
				CLANG_WARN_DEPRECATED_OBJC_IMPLEMENTATIONS = YES;
				CLANG_WARN_DIRECT_OBJC_ISA_USAGE = YES_ERROR;
				CLANG_WARN_DOCUMENTATION_COMMENTS = YES;
				CLANG_WARN_EMPTY_BODY = YES;
				CLANG_WARN_ENUM_CONVERSION = YES;
				CLANG_WARN_INFINITE_RECURSION = YES;
				CLANG_WARN_INT_CONVERSION = YES;
				CLANG_WARN_NON_LITERAL_NULL_CONVERSION = YES;
				CLANG_WARN_OBJC_IMPLICIT_RETAIN_SELF = YES;
				CLANG_WARN_OBJC_LITERAL_CONVERSION = YES;
				CLANG_WARN_OBJC_ROOT_CLASS = YES_ERROR;
				CLANG_WARN_RANGE_LOOP_ANALYSIS = YES;
				CLANG_WARN_STRICT_PROTOTYPES = YES;
				CLANG_WARN_SUSPICIOUS_MOVE = YES;
				CLANG_WARN_UNGUARDED_AVAILABILITY = YES_AGGRESSIVE;
				CLANG_WARN_UNREACHABLE_CODE = YES;
				CLANG_WARN__DUPLICATE_METHOD_MATCH = YES;
				COPY_PHASE_STRIP = NO;
				DEBUG_INFORMATION_FORMAT = "dwarf-with-dsym";
				ENABLE_NS_ASSERTIONS = NO;
				ENABLE_STRICT_OBJC_MSGSEND = YES;
				GCC_C_LANGUAGE_STANDARD = gnu11;
				GCC_NO_COMMON_BLOCKS = YES;
				GCC_WARN_64_TO_32_BIT_CONVERSION = YES;
				GCC_WARN_ABOUT_RETURN_TYPE = YES_ERROR;
				GCC_WARN_UNDECLARED_SELECTOR = YES;
				GCC_WARN_UNINITIALIZED_AUTOS = YES_AGGRESSIVE;
				GCC_WARN_UNUSED_FUNCTION = YES;
				GCC_WARN_UNUSED_VARIABLE = YES;
				IPHONEOS_DEPLOYMENT_TARGET = 13.2;
				MTL_ENABLE_DEBUG_INFO = NO;
				MTL_FAST_MATH = YES;
				SDKROOT = iphoneos;
				SWIFT_COMPILATION_MODE = wholemodule;
				SWIFT_OPTIMIZATION_LEVEL = "-O";
				VALIDATE_PRODUCT = YES;
			};
			name = Release;
		};
		F617150F2413AB38008266A1 /* Debug */ = {
			isa = XCBuildConfiguration;
			buildSettings = {
				ASSETCATALOG_COMPILER_APPICON_NAME = AppIcon;
				CODE_SIGN_STYLE = Automatic;
				DEVELOPMENT_TEAM = X2WF6FR3RY;
				INFOPLIST_FILE = PublicMyInterviewTest/Info.plist;
				LD_RUNPATH_SEARCH_PATHS = (
					"$(inherited)",
					"@executable_path/Frameworks",
				);
				PRODUCT_BUNDLE_IDENTIFIER = com.kjsx.PublicMyInterviewTest;
				PRODUCT_NAME = "$(TARGET_NAME)";
				SWIFT_VERSION = 5.0;
				TARGETED_DEVICE_FAMILY = "1,2";
			};
			name = Debug;
		};
		F61715102413AB38008266A1 /* Release */ = {
			isa = XCBuildConfiguration;
			buildSettings = {
				ASSETCATALOG_COMPILER_APPICON_NAME = AppIcon;
				CODE_SIGN_STYLE = Automatic;
				DEVELOPMENT_TEAM = X2WF6FR3RY;
				INFOPLIST_FILE = PublicMyInterviewTest/Info.plist;
				LD_RUNPATH_SEARCH_PATHS = (
					"$(inherited)",
					"@executable_path/Frameworks",
				);
				PRODUCT_BUNDLE_IDENTIFIER = com.kjsx.PublicMyInterviewTest;
				PRODUCT_NAME = "$(TARGET_NAME)";
				SWIFT_VERSION = 5.0;
				TARGETED_DEVICE_FAMILY = "1,2";
			};
			name = Release;
		};
/* End XCBuildConfiguration section */

/* Begin XCConfigurationList section */
		F61714F52413AB35008266A1 /* Build configuration list for PBXProject "PublicMyInterviewTest" */ = {
			isa = XCConfigurationList;
			buildConfigurations = (
				F617150C2413AB38008266A1 /* Debug */,
				F617150D2413AB38008266A1 /* Release */,
			);
			defaultConfigurationIsVisible = 0;
			defaultConfigurationName = Release;
		};
		F617150E2413AB38008266A1 /* Build configuration list for PBXNativeTarget "PublicMyInterviewTest" */ = {
			isa = XCConfigurationList;
			buildConfigurations = (
				F617150F2413AB38008266A1 /* Debug */,
				F61715102413AB38008266A1 /* Release */,
			);
			defaultConfigurationIsVisible = 0;
			defaultConfigurationName = Release;
		};
/* End XCConfigurationList section */
	};
	rootObject = F61714F22413AB35008266A1 /* Project object */;
}
